// !$*UTF8*$!
{
	archiveVersion = 1;
	classes = {
	};
	objectVersion = 46;
	objects = {

/* Begin PBXBuildFile section */
		3520FD421CCA5A450053ABAB /* AppDelegate.swift in Sources */ = {isa = PBXBuildFile; fileRef = 3520FD411CCA5A450053ABAB /* AppDelegate.swift */; };
		3520FD441CCA5A450053ABAB /* ViewController.swift in Sources */ = {isa = PBXBuildFile; fileRef = 3520FD431CCA5A450053ABAB /* ViewController.swift */; };
		3520FD471CCA5A450053ABAB /* Main.storyboard in Resources */ = {isa = PBXBuildFile; fileRef = 3520FD451CCA5A450053ABAB /* Main.storyboard */; };
		3520FD491CCA5A450053ABAB /* Assets.xcassets in Resources */ = {isa = PBXBuildFile; fileRef = 3520FD481CCA5A450053ABAB /* Assets.xcassets */; };
		3520FD4C1CCA5A450053ABAB /* LaunchScreen.storyboard in Resources */ = {isa = PBXBuildFile; fileRef = 3520FD4A1CCA5A450053ABAB /* LaunchScreen.storyboard */; };
/* End PBXBuildFile section */

/* Begin PBXFileReference section */
		3520FD3E1CCA5A450053ABAB /* NavBar.app */ = {isa = PBXFileReference; explicitFileType = wrapper.application; includeInIndex = 0; path = NavBar.app; sourceTree = BUILT_PRODUCTS_DIR; };
		3520FD411CCA5A450053ABAB /* AppDelegate.swift */ = {isa = PBXFileReference; lastKnownFileType = sourcecode.swift; path = AppDelegate.swift; sourceTree = "<group>"; };
		3520FD431CCA5A450053ABAB /* ViewController.swift */ = {isa = PBXFileReference; lastKnownFileType = sourcecode.swift; path = ViewController.swift; sourceTree = "<group>"; };
		3520FD461CCA5A450053ABAB /* Base */ = {isa = PBXFileReference; lastKnownFileType = file.storyboard; name = Base; path = Base.lproj/Main.storyboard; sourceTree = "<group>"; };
		3520FD481CCA5A450053ABAB /* Assets.xcassets */ = {isa = PBXFileReference; lastKnownFileType = folder.assetcatalog; path = Assets.xcassets; sourceTree = "<group>"; };
		3520FD4B1CCA5A450053ABAB /* Base */ = {isa = PBXFileReference; lastKnownFileType = file.storyboard; name = Base; path = Base.lproj/LaunchScreen.storyboard; sourceTree = "<group>"; };
		3520FD4D1CCA5A450053ABAB /* Info.plist */ = {isa = PBXFileReference; lastKnownFileType = text.plist.xml; path = Info.plist; sourceTree = "<group>"; };
/* End PBXFileReference section */

/* Begin PBXFrameworksBuildPhase section */
		3520FD3B1CCA5A450053ABAB /* Frameworks */ = {
			isa = PBXFrameworksBuildPhase;
			buildActionMask = 2147483647;
			files = (
			);
			runOnlyForDeploymentPostprocessing = 0;
		};
/* End PBXFrameworksBuildPhase section */

/* Begin PBXGroup section */
		3520FD351CCA5A450053ABAB = {
			isa = PBXGroup;
			children = (
				3520FD401CCA5A450053ABAB /* NavBar */,
				3520FD3F1CCA5A450053ABAB /* Products */,
			);
			sourceTree = "<group>";
		};
		3520FD3F1CCA5A450053ABAB /* Products */ = {
			isa = PBXGroup;
			children = (
				3520FD3E1CCA5A450053ABAB /* NavBar.app */,
			);
			name = Products;
			sourceTree = "<group>";
		};
		3520FD401CCA5A450053ABAB /* NavBar */ = {
			isa = PBXGroup;
			children = (
				3520FD411CCA5A450053ABAB /* AppDelegate.swift */,
				3520FD431CCA5A450053ABAB /* ViewController.swift */,
				3520FD451CCA5A450053ABAB /* Main.storyboard */,
				3520FD481CCA5A450053ABAB /* Assets.xcassets */,
				3520FD4A1CCA5A450053ABAB /* LaunchScreen.storyboard */,
				3520FD4D1CCA5A450053ABAB /* Info.plist */,
			);
			path = NavBar;
			sourceTree = "<group>";
		};
/* End PBXGroup section */

/* Begin PBXNativeTarget section */
		3520FD3D1CCA5A450053ABAB /* NavBar */ = {
			isa = PBXNativeTarget;
			buildConfigurationList = 3520FD501CCA5A450053ABAB /* Build configuration list for PBXNativeTarget "NavBar" */;
			buildPhases = (
				3520FD3A1CCA5A450053ABAB /* Sources */,
				3520FD3B1CCA5A450053ABAB /* Frameworks */,
				3520FD3C1CCA5A450053ABAB /* Resources */,
			);
			buildRules = (
			);
			dependencies = (
			);
			name = NavBar;
			productName = NavBar;
			productReference = 3520FD3E1CCA5A450053ABAB /* NavBar.app */;
			productType = "com.apple.product-type.application";
		};
/* End PBXNativeTarget section */

/* Begin PBXProject section */
		3520FD361CCA5A450053ABAB /* Project object */ = {
			isa = PBXProject;
			attributes = {
				LastSwiftUpdateCheck = 0730;
				LastUpgradeCheck = 0730;
				ORGANIZATIONNAME = "Maarten Broekman";
				TargetAttributes = {
					3520FD3D1CCA5A450053ABAB = {
						CreatedOnToolsVersion = 7.3;
						DevelopmentTeam = 6DSD5M2K2F;
					};
				};
			};
			buildConfigurationList = 3520FD391CCA5A450053ABAB /* Build configuration list for PBXProject "NavBar" */;
			compatibilityVersion = "Xcode 3.2";
			developmentRegion = English;
			hasScannedForEncodings = 0;
			knownRegions = (
				en,
				Base,
			);
			mainGroup = 3520FD351CCA5A450053ABAB;
			productRefGroup = 3520FD3F1CCA5A450053ABAB /* Products */;
			projectDirPath = "";
			projectRoot = "";
			targets = (
				3520FD3D1CCA5A450053ABAB /* NavBar */,
			);
		};
/* End PBXProject section */

/* Begin PBXResourcesBuildPhase section */
		3520FD3C1CCA5A450053ABAB /* Resources */ = {
			isa = PBXResourcesBuildPhase;
			buildActionMask = 2147483647;
			files = (
				3520FD4C1CCA5A450053ABAB /* LaunchScreen.storyboard in Resources */,
				3520FD491CCA5A450053ABAB /* Assets.xcassets in Resources */,
				3520FD471CCA5A450053ABAB /* Main.storyboard in Resources */,
			);
			runOnlyForDeploymentPostprocessing = 0;
		};
/* End PBXResourcesBuildPhase section */

/* Begin PBXSourcesBuildPhase section */
		3520FD3A1CCA5A450053ABAB /* Sources */ = {
			isa = PBXSourcesBuildPhase;
			buildActionMask = 2147483647;
			files = (
				3520FD441CCA5A450053ABAB /* ViewController.swift in Sources */,
				3520FD421CCA5A450053ABAB /* AppDelegate.swift in Sources */,
			);
			runOnlyForDeploymentPostprocessing = 0;
		};
/* End PBXSourcesBuildPhase section */

/* Begin PBXVariantGroup section */
		3520FD451CCA5A450053ABAB /* Main.storyboard */ = {
			isa = PBXVariantGroup;
			children = (
				3520FD461CCA5A450053ABAB /* Base */,
			);
			name = Main.storyboard;
			sourceTree = "<group>";
		};
		3520FD4A1CCA5A450053ABAB /* LaunchScreen.storyboard */ = {
			isa = PBXVariantGroup;
			children = (
				3520FD4B1CCA5A450053ABAB /* Base */,
			);
			name = LaunchScreen.storyboard;
			sourceTree = "<group>";
		};
/* End PBXVariantGroup section */

/* Begin XCBuildConfiguration section */
		3520FD4E1CCA5A450053ABAB /* Debug */ = {
			isa = XCBuildConfiguration;
			buildSettings = {
				ALWAYS_SEARCH_USER_PATHS = NO;
				CLANG_ANALYZER_NONNULL = YES;
				CLANG_CXX_LANGUAGE_STANDARD = "gnu++0x";
				CLANG_CXX_LIBRARY = "libc++";
				CLANG_ENABLE_MODULES = YES;
				CLANG_ENABLE_OBJC_ARC = YES;
				CLANG_WARN_BOOL_CONVERSION = YES;
				CLANG_WARN_CONSTANT_CONVERSION = YES;
				CLANG_WARN_DIRECT_OBJC_ISA_USAGE = YES_ERROR;
				CLANG_WARN_EMPTY_BODY = YES;
				CLANG_WARN_ENUM_CONVERSION = YES;
				CLANG_WARN_INT_CONVERSION = YES;
				CLANG_WARN_OBJC_ROOT_CLASS = YES_ERROR;
				CLANG_WARN_UNREACHABLE_CODE = YES;
				CLANG_WARN__DUPLICATE_METHOD_MATCH = YES;
				"CODE_SIGN_IDENTITY[sdk=iphoneos*]" = "iPhone Developer";
				COPY_PHASE_STRIP = NO;
				DEBUG_INFORMATION_FORMAT = dwarf;
				ENABLE_STRICT_OBJC_MSGSEND = YES;
				ENABLE_TESTABILITY = YES;
				GCC_C_LANGUAGE_STANDARD = gnu99;
				GCC_DYNAMIC_NO_PIC = NO;
				GCC_NO_COMMON_BLOCKS = YES;
				GCC_OPTIMIZATION_LEVEL = 0;
				GCC_PREPROCESSOR_DEFINITIONS = (
					"DEBUG=1",
					"$(inherited)",
				);
				GCC_WARN_64_TO_32_BIT_CONVERSION = YES;
				GCC_WARN_ABOUT_RETURN_TYPE = YES_ERROR;
				GCC_WARN_UNDECLARED_SELECTOR = YES;
				GCC_WARN_UNINITIALIZED_AUTOS = YES_AGGRESSIVE;
				GCC_WARN_UNUSED_FUNCTION = YES;
				GCC_WARN_UNUSED_VARIABLE = YES;
				IPHONEOS_DEPLOYMENT_TARGET = 9.3;
				MTL_ENABLE_DEBUG_INFO = YES;
				ONLY_ACTIVE_ARCH = YES;
				SDKROOT = iphoneos;
				SWIFT_OPTIMIZATION_LEVEL = "-Onone";
			};
			name = Debug;
		};
		3520FD4F1CCA5A450053ABAB /* Release */ = {
			isa = XCBuildConfiguration;
			buildSettings = {
				ALWAYS_SEARCH_USER_PATHS = NO;
				CLANG_ANALYZER_NONNULL = YES;
				CLANG_CXX_LANGUAGE_STANDARD = "gnu++0x";
				CLANG_CXX_LIBRARY = "libc++";
				CLANG_ENABLE_MODULES = YES;
				CLANG_ENABLE_OBJC_ARC = YES;
				CLANG_WARN_BOOL_CONVERSION = YES;
				CLANG_WARN_CONSTANT_CONVERSION = YES;
				CLANG_WARN_DIRECT_OBJC_ISA_USAGE = YES_ERROR;
				CLANG_WARN_EMPTY_BODY = YES;
				CLANG_WARN_ENUM_CONVERSION = YES;
				CLANG_WARN_INT_CONVERSION = YES;
				CLANG_WARN_OBJC_ROOT_CLASS = YES_ERROR;
				CLANG_WARN_UNREACHABLE_CODE = YES;
				CLANG_WARN__DUPLICATE_METHOD_MATCH = YES;
				"CODE_SIGN_IDENTITY[sdk=iphoneos*]" = "iPhone Developer";
				COPY_PHASE_STRIP = NO;
				DEBUG_INFORMATION_FORMAT = "dwarf-with-dsym";
				ENABLE_NS_ASSERTIONS = NO;
				ENABLE_STRICT_OBJC_MSGSEND = YES;
				GCC_C_LANGUAGE_STANDARD = gnu99;
				GCC_NO_COMMON_BLOCKS = YES;
				GCC_WARN_64_TO_32_BIT_CONVERSION = YES;
				GCC_WARN_ABOUT_RETURN_TYPE = YES_ERROR;
				GCC_WARN_UNDECLARED_SELECTOR = YES;
				GCC_WARN_UNINITIALIZED_AUTOS = YES_AGGRESSIVE;
				GCC_WARN_UNUSED_FUNCTION = YES;
				GCC_WARN_UNUSED_VARIABLE = YES;
				IPHONEOS_DEPLOYMENT_TARGET = 9.3;
				MTL_ENABLE_DEBUG_INFO = NO;
				SDKROOT = iphoneos;
				VALIDATE_PRODUCT = YES;
			};
			name = Release;
		};
		3520FD511CCA5A450053ABAB /* Debug */ = {
			isa = XCBuildConfiguration;
			buildSettings = {
				ASSETCATALOG_COMPILER_APPICON_NAME = AppIcon;
				INFOPLIST_FILE = NavBar/Info.plist;
				LD_RUNPATH_SEARCH_PATHS = "$(inherited) @executable_path/Frameworks";
				PRODUCT_BUNDLE_IDENTIFIER = com.mjbroekman.NavBar;
				PRODUCT_NAME = "$(TARGET_NAME)";
			};
			name = Debug;
		};
		3520FD521CCA5A450053ABAB /* Release */ = {
			isa = XCBuildConfiguration;
			buildSettings = {
				ASSETCATALOG_COMPILER_APPICON_NAME = AppIcon;
				INFOPLIST_FILE = NavBar/Info.plist;
				LD_RUNPATH_SEARCH_PATHS = "$(inherited) @executable_path/Frameworks";
				PRODUCT_BUNDLE_IDENTIFIER = com.mjbroekman.NavBar;
				PRODUCT_NAME = "$(TARGET_NAME)";
			};
			name = Release;
		};
/* End XCBuildConfiguration section */

/* Begin XCConfigurationList section */
		3520FD391CCA5A450053ABAB /* Build configuration list for PBXProject "NavBar" */ = {
			isa = XCConfigurationList;
			buildConfigurations = (
				3520FD4E1CCA5A450053ABAB /* Debug */,
				3520FD4F1CCA5A450053ABAB /* Release */,
			);
			defaultConfigurationIsVisible = 0;
			defaultConfigurationName = Release;
		};
		3520FD501CCA5A450053ABAB /* Build configuration list for PBXNativeTarget "NavBar" */ = {
			isa = XCConfigurationList;
			buildConfigurations = (
				3520FD511CCA5A450053ABAB /* Debug */,
				3520FD521CCA5A450053ABAB /* Release */,
			);
			defaultConfigurationIsVisible = 0;
		};
/* End XCConfigurationList section */
	};
	rootObject = 3520FD361CCA5A450053ABAB /* Project object */;
}
