// !$*UTF8*$!
{
	archiveVersion = 1;
	classes = {
	};
	objectVersion = 46;
	objects = {

/* Begin PBXBuildFile section */
		C87EC9641A692B3200653082 /* AppDelegate.swift in Sources */ = {isa = PBXBuildFile; fileRef = C87EC9631A692B3200653082 /* AppDelegate.swift */; };
		C87EC9661A692B3200653082 /* ViewController.swift in Sources */ = {isa = PBXBuildFile; fileRef = C87EC9651A692B3200653082 /* ViewController.swift */; };
		C87EC9691A692B3200653082 /* Main.storyboard in Resources */ = {isa = PBXBuildFile; fileRef = C87EC9671A692B3200653082 /* Main.storyboard */; };
		C87EC96B1A692B3200653082 /* Images.xcassets in Resources */ = {isa = PBXBuildFile; fileRef = C87EC96A1A692B3200653082 /* Images.xcassets */; };
		C87EC96E1A692B3200653082 /* LaunchScreen.xib in Resources */ = {isa = PBXBuildFile; fileRef = C87EC96C1A692B3200653082 /* LaunchScreen.xib */; };
		C87EC97A1A692B3300653082 /* Controlling_The_KeyboardTests.swift in Sources */ = {isa = PBXBuildFile; fileRef = C87EC9791A692B3300653082 /* Controlling_The_KeyboardTests.swift */; };
/* End PBXBuildFile section */

/* Begin PBXContainerItemProxy section */
		C87EC9741A692B3300653082 /* PBXContainerItemProxy */ = {
			isa = PBXContainerItemProxy;
			containerPortal = C87EC9561A692B3100653082 /* Project object */;
			proxyType = 1;
			remoteGlobalIDString = C87EC95D1A692B3200653082;
			remoteInfo = "Controlling The Keyboard";
		};
/* End PBXContainerItemProxy section */

/* Begin PBXFileReference section */
		C87EC95E1A692B3200653082 /* Controlling The Keyboard.app */ = {isa = PBXFileReference; explicitFileType = wrapper.application; includeInIndex = 0; path = "Controlling The Keyboard.app"; sourceTree = BUILT_PRODUCTS_DIR; };
		C87EC9621A692B3200653082 /* Info.plist */ = {isa = PBXFileReference; lastKnownFileType = text.plist.xml; path = Info.plist; sourceTree = "<group>"; };
		C87EC9631A692B3200653082 /* AppDelegate.swift */ = {isa = PBXFileReference; lastKnownFileType = sourcecode.swift; path = AppDelegate.swift; sourceTree = "<group>"; };
		C87EC9651A692B3200653082 /* ViewController.swift */ = {isa = PBXFileReference; lastKnownFileType = sourcecode.swift; path = ViewController.swift; sourceTree = "<group>"; };
		C87EC9681A692B3200653082 /* Base */ = {isa = PBXFileReference; lastKnownFileType = file.storyboard; name = Base; path = Base.lproj/Main.storyboard; sourceTree = "<group>"; };
		C87EC96A1A692B3200653082 /* Images.xcassets */ = {isa = PBXFileReference; lastKnownFileType = folder.assetcatalog; path = Images.xcassets; sourceTree = "<group>"; };
		C87EC96D1A692B3200653082 /* Base */ = {isa = PBXFileReference; lastKnownFileType = file.xib; name = Base; path = Base.lproj/LaunchScreen.xib; sourceTree = "<group>"; };
		C87EC9731A692B3300653082 /* Controlling The KeyboardTests.xctest */ = {isa = PBXFileReference; explicitFileType = wrapper.cfbundle; includeInIndex = 0; path = "Controlling The KeyboardTests.xctest"; sourceTree = BUILT_PRODUCTS_DIR; };
		C87EC9781A692B3300653082 /* Info.plist */ = {isa = PBXFileReference; lastKnownFileType = text.plist.xml; path = Info.plist; sourceTree = "<group>"; };
		C87EC9791A692B3300653082 /* Controlling_The_KeyboardTests.swift */ = {isa = PBXFileReference; lastKnownFileType = sourcecode.swift; path = Controlling_The_KeyboardTests.swift; sourceTree = "<group>"; };
/* End PBXFileReference section */

/* Begin PBXFrameworksBuildPhase section */
		C87EC95B1A692B3200653082 /* Frameworks */ = {
			isa = PBXFrameworksBuildPhase;
			buildActionMask = 2147483647;
			files = (
			);
			runOnlyForDeploymentPostprocessing = 0;
		};
		C87EC9701A692B3300653082 /* Frameworks */ = {
			isa = PBXFrameworksBuildPhase;
			buildActionMask = 2147483647;
			files = (
			);
			runOnlyForDeploymentPostprocessing = 0;
		};
/* End PBXFrameworksBuildPhase section */

/* Begin PBXGroup section */
		C87EC9551A692B3100653082 = {
			isa = PBXGroup;
			children = (
				C87EC9601A692B3200653082 /* Controlling The Keyboard */,
				C87EC9761A692B3300653082 /* Controlling The KeyboardTests */,
				C87EC95F1A692B3200653082 /* Products */,
			);
			sourceTree = "<group>";
		};
		C87EC95F1A692B3200653082 /* Products */ = {
			isa = PBXGroup;
			children = (
				C87EC95E1A692B3200653082 /* Controlling The Keyboard.app */,
				C87EC9731A692B3300653082 /* Controlling The KeyboardTests.xctest */,
			);
			name = Products;
			sourceTree = "<group>";
		};
		C87EC9601A692B3200653082 /* Controlling The Keyboard */ = {
			isa = PBXGroup;
			children = (
				C87EC9631A692B3200653082 /* AppDelegate.swift */,
				C87EC9651A692B3200653082 /* ViewController.swift */,
				C87EC9671A692B3200653082 /* Main.storyboard */,
				C87EC96A1A692B3200653082 /* Images.xcassets */,
				C87EC96C1A692B3200653082 /* LaunchScreen.xib */,
				C87EC9611A692B3200653082 /* Supporting Files */,
			);
			path = "Controlling The Keyboard";
			sourceTree = "<group>";
		};
		C87EC9611A692B3200653082 /* Supporting Files */ = {
			isa = PBXGroup;
			children = (
				C87EC9621A692B3200653082 /* Info.plist */,
			);
			name = "Supporting Files";
			sourceTree = "<group>";
		};
		C87EC9761A692B3300653082 /* Controlling The KeyboardTests */ = {
			isa = PBXGroup;
			children = (
				C87EC9791A692B3300653082 /* Controlling_The_KeyboardTests.swift */,
				C87EC9771A692B3300653082 /* Supporting Files */,
			);
			path = "Controlling The KeyboardTests";
			sourceTree = "<group>";
		};
		C87EC9771A692B3300653082 /* Supporting Files */ = {
			isa = PBXGroup;
			children = (
				C87EC9781A692B3300653082 /* Info.plist */,
			);
			name = "Supporting Files";
			sourceTree = "<group>";
		};
/* End PBXGroup section */

/* Begin PBXNativeTarget section */
		C87EC95D1A692B3200653082 /* Controlling The Keyboard */ = {
			isa = PBXNativeTarget;
			buildConfigurationList = C87EC97D1A692B3300653082 /* Build configuration list for PBXNativeTarget "Controlling The Keyboard" */;
			buildPhases = (
				C87EC95A1A692B3200653082 /* Sources */,
				C87EC95B1A692B3200653082 /* Frameworks */,
				C87EC95C1A692B3200653082 /* Resources */,
			);
			buildRules = (
			);
			dependencies = (
			);
			name = "Controlling The Keyboard";
			productName = "Controlling The Keyboard";
			productReference = C87EC95E1A692B3200653082 /* Controlling The Keyboard.app */;
			productType = "com.apple.product-type.application";
		};
		C87EC9721A692B3300653082 /* Controlling The KeyboardTests */ = {
			isa = PBXNativeTarget;
			buildConfigurationList = C87EC9801A692B3300653082 /* Build configuration list for PBXNativeTarget "Controlling The KeyboardTests" */;
			buildPhases = (
				C87EC96F1A692B3300653082 /* Sources */,
				C87EC9701A692B3300653082 /* Frameworks */,
				C87EC9711A692B3300653082 /* Resources */,
			);
			buildRules = (
			);
			dependencies = (
				C87EC9751A692B3300653082 /* PBXTargetDependency */,
			);
			name = "Controlling The KeyboardTests";
			productName = "Controlling The KeyboardTests";
			productReference = C87EC9731A692B3300653082 /* Controlling The KeyboardTests.xctest */;
			productType = "com.apple.product-type.bundle.unit-test";
		};
/* End PBXNativeTarget section */

/* Begin PBXProject section */
		C87EC9561A692B3100653082 /* Project object */ = {
			isa = PBXProject;
			attributes = {
				LastSwiftUpdateCheck = 0700;
				LastUpgradeCheck = 0620;
				ORGANIZATIONNAME = Appfish;
				TargetAttributes = {
					C87EC95D1A692B3200653082 = {
						CreatedOnToolsVersion = 6.2;
					};
					C87EC9721A692B3300653082 = {
						CreatedOnToolsVersion = 6.2;
						TestTargetID = C87EC95D1A692B3200653082;
					};
				};
			};
			buildConfigurationList = C87EC9591A692B3100653082 /* Build configuration list for PBXProject "Controlling The Keyboard" */;
			compatibilityVersion = "Xcode 3.2";
			developmentRegion = English;
			hasScannedForEncodings = 0;
			knownRegions = (
				en,
				Base,
			);
			mainGroup = C87EC9551A692B3100653082;
			productRefGroup = C87EC95F1A692B3200653082 /* Products */;
			projectDirPath = "";
			projectRoot = "";
			targets = (
				C87EC95D1A692B3200653082 /* Controlling The Keyboard */,
				C87EC9721A692B3300653082 /* Controlling The KeyboardTests */,
			);
		};
/* End PBXProject section */

/* Begin PBXResourcesBuildPhase section */
		C87EC95C1A692B3200653082 /* Resources */ = {
			isa = PBXResourcesBuildPhase;
			buildActionMask = 2147483647;
			files = (
				C87EC9691A692B3200653082 /* Main.storyboard in Resources */,
				C87EC96E1A692B3200653082 /* LaunchScreen.xib in Resources */,
				C87EC96B1A692B3200653082 /* Images.xcassets in Resources */,
			);
			runOnlyForDeploymentPostprocessing = 0;
		};
		C87EC9711A692B3300653082 /* Resources */ = {
			isa = PBXResourcesBuildPhase;
			buildActionMask = 2147483647;
			files = (
			);
			runOnlyForDeploymentPostprocessing = 0;
		};
/* End PBXResourcesBuildPhase section */

/* Begin PBXSourcesBuildPhase section */
		C87EC95A1A692B3200653082 /* Sources */ = {
			isa = PBXSourcesBuildPhase;
			buildActionMask = 2147483647;
			files = (
				C87EC9661A692B3200653082 /* ViewController.swift in Sources */,
				C87EC9641A692B3200653082 /* AppDelegate.swift in Sources */,
			);
			runOnlyForDeploymentPostprocessing = 0;
		};
		C87EC96F1A692B3300653082 /* Sources */ = {
			isa = PBXSourcesBuildPhase;
			buildActionMask = 2147483647;
			files = (
				C87EC97A1A692B3300653082 /* Controlling_The_KeyboardTests.swift in Sources */,
			);
			runOnlyForDeploymentPostprocessing = 0;
		};
/* End PBXSourcesBuildPhase section */

/* Begin PBXTargetDependency section */
		C87EC9751A692B3300653082 /* PBXTargetDependency */ = {
			isa = PBXTargetDependency;
			target = C87EC95D1A692B3200653082 /* Controlling The Keyboard */;
			targetProxy = C87EC9741A692B3300653082 /* PBXContainerItemProxy */;
		};
/* End PBXTargetDependency section */

/* Begin PBXVariantGroup section */
		C87EC9671A692B3200653082 /* Main.storyboard */ = {
			isa = PBXVariantGroup;
			children = (
				C87EC9681A692B3200653082 /* Base */,
			);
			name = Main.storyboard;
			sourceTree = "<group>";
		};
		C87EC96C1A692B3200653082 /* LaunchScreen.xib */ = {
			isa = PBXVariantGroup;
			children = (
				C87EC96D1A692B3200653082 /* Base */,
			);
			name = LaunchScreen.xib;
			sourceTree = "<group>";
		};
/* End PBXVariantGroup section */

/* Begin XCBuildConfiguration section */
		C87EC97B1A692B3300653082 /* Debug */ = {
			isa = XCBuildConfiguration;
			buildSettings = {
				ALWAYS_SEARCH_USER_PATHS = NO;
				CLANG_CXX_LANGUAGE_STANDARD = "gnu++0x";
				CLANG_CXX_LIBRARY = "libc++";
				CLANG_ENABLE_MODULES = YES;
				CLANG_ENABLE_OBJC_ARC = YES;
				CLANG_WARN_BOOL_CONVERSION = YES;
				CLANG_WARN_CONSTANT_CONVERSION = YES;
				CLANG_WARN_DIRECT_OBJC_ISA_USAGE = YES_ERROR;
				CLANG_WARN_EMPTY_BODY = YES;
				CLANG_WARN_ENUM_CONVERSION = YES;
				CLANG_WARN_INT_CONVERSION = YES;
				CLANG_WARN_OBJC_ROOT_CLASS = YES_ERROR;
				CLANG_WARN_UNREACHABLE_CODE = YES;
				CLANG_WARN__DUPLICATE_METHOD_MATCH = YES;
				"CODE_SIGN_IDENTITY[sdk=iphoneos*]" = "iPhone Developer";
				COPY_PHASE_STRIP = NO;
				ENABLE_STRICT_OBJC_MSGSEND = YES;
				GCC_C_LANGUAGE_STANDARD = gnu99;
				GCC_DYNAMIC_NO_PIC = NO;
				GCC_OPTIMIZATION_LEVEL = 0;
				GCC_PREPROCESSOR_DEFINITIONS = (
					"DEBUG=1",
					"$(inherited)",
				);
				GCC_SYMBOLS_PRIVATE_EXTERN = NO;
				GCC_WARN_64_TO_32_BIT_CONVERSION = YES;
				GCC_WARN_ABOUT_RETURN_TYPE = YES_ERROR;
				GCC_WARN_UNDECLARED_SELECTOR = YES;
				GCC_WARN_UNINITIALIZED_AUTOS = YES_AGGRESSIVE;
				GCC_WARN_UNUSED_FUNCTION = YES;
				GCC_WARN_UNUSED_VARIABLE = YES;
				IPHONEOS_DEPLOYMENT_TARGET = 8.2;
				MTL_ENABLE_DEBUG_INFO = YES;
				ONLY_ACTIVE_ARCH = YES;
				SDKROOT = iphoneos;
				SWIFT_OPTIMIZATION_LEVEL = "-Onone";
			};
			name = Debug;
		};
		C87EC97C1A692B3300653082 /* Release */ = {
			isa = XCBuildConfiguration;
			buildSettings = {
				ALWAYS_SEARCH_USER_PATHS = NO;
				CLANG_CXX_LANGUAGE_STANDARD = "gnu++0x";
				CLANG_CXX_LIBRARY = "libc++";
				CLANG_ENABLE_MODULES = YES;
				CLANG_ENABLE_OBJC_ARC = YES;
				CLANG_WARN_BOOL_CONVERSION = YES;
				CLANG_WARN_CONSTANT_CONVERSION = YES;
				CLANG_WARN_DIRECT_OBJC_ISA_USAGE = YES_ERROR;
				CLANG_WARN_EMPTY_BODY = YES;
				CLANG_WARN_ENUM_CONVERSION = YES;
				CLANG_WARN_INT_CONVERSION = YES;
				CLANG_WARN_OBJC_ROOT_CLASS = YES_ERROR;
				CLANG_WARN_UNREACHABLE_CODE = YES;
				CLANG_WARN__DUPLICATE_METHOD_MATCH = YES;
				"CODE_SIGN_IDENTITY[sdk=iphoneos*]" = "iPhone Developer";
				COPY_PHASE_STRIP = NO;
				ENABLE_NS_ASSERTIONS = NO;
				ENABLE_STRICT_OBJC_MSGSEND = YES;
				GCC_C_LANGUAGE_STANDARD = gnu99;
				GCC_WARN_64_TO_32_BIT_CONVERSION = YES;
				GCC_WARN_ABOUT_RETURN_TYPE = YES_ERROR;
				GCC_WARN_UNDECLARED_SELECTOR = YES;
				GCC_WARN_UNINITIALIZED_AUTOS = YES_AGGRESSIVE;
				GCC_WARN_UNUSED_FUNCTION = YES;
				GCC_WARN_UNUSED_VARIABLE = YES;
				IPHONEOS_DEPLOYMENT_TARGET = 8.2;
				MTL_ENABLE_DEBUG_INFO = NO;
				SDKROOT = iphoneos;
				VALIDATE_PRODUCT = YES;
			};
			name = Release;
		};
		C87EC97E1A692B3300653082 /* Debug */ = {
			isa = XCBuildConfiguration;
			buildSettings = {
				ASSETCATALOG_COMPILER_APPICON_NAME = AppIcon;
				INFOPLIST_FILE = "Controlling The Keyboard/Info.plist";
				IPHONEOS_DEPLOYMENT_TARGET = 9.0;
				LD_RUNPATH_SEARCH_PATHS = "$(inherited) @executable_path/Frameworks";
				PRODUCT_NAME = "$(TARGET_NAME)";
			};
			name = Debug;
		};
		C87EC97F1A692B3300653082 /* Release */ = {
			isa = XCBuildConfiguration;
			buildSettings = {
				ASSETCATALOG_COMPILER_APPICON_NAME = AppIcon;
				INFOPLIST_FILE = "Controlling The Keyboard/Info.plist";
				IPHONEOS_DEPLOYMENT_TARGET = 9.0;
				LD_RUNPATH_SEARCH_PATHS = "$(inherited) @executable_path/Frameworks";
				PRODUCT_NAME = "$(TARGET_NAME)";
			};
			name = Release;
		};
		C87EC9811A692B3300653082 /* Debug */ = {
			isa = XCBuildConfiguration;
			buildSettings = {
				BUNDLE_LOADER = "$(TEST_HOST)";
				FRAMEWORK_SEARCH_PATHS = (
					"$(SDKROOT)/Developer/Library/Frameworks",
					"$(inherited)",
				);
				GCC_PREPROCESSOR_DEFINITIONS = (
					"DEBUG=1",
					"$(inherited)",
				);
				INFOPLIST_FILE = "Controlling The KeyboardTests/Info.plist";
				LD_RUNPATH_SEARCH_PATHS = "$(inherited) @executable_path/Frameworks @loader_path/Frameworks";
				PRODUCT_NAME = "$(TARGET_NAME)";
				TEST_HOST = "";
			};
			name = Debug;
		};
		C87EC9821A692B3300653082 /* Release */ = {
			isa = XCBuildConfiguration;
			buildSettings = {
				BUNDLE_LOADER = "$(TEST_HOST)";
				FRAMEWORK_SEARCH_PATHS = (
					"$(SDKROOT)/Developer/Library/Frameworks",
					"$(inherited)",
				);
				INFOPLIST_FILE = "Controlling The KeyboardTests/Info.plist";
				LD_RUNPATH_SEARCH_PATHS = "$(inherited) @executable_path/Frameworks @loader_path/Frameworks";
				PRODUCT_NAME = "$(TARGET_NAME)";
				TEST_HOST = "";
			};
			name = Release;
		};
/* End XCBuildConfiguration section */

/* Begin XCConfigurationList section */
		C87EC9591A692B3100653082 /* Build configuration list for PBXProject "Controlling The Keyboard" */ = {
			isa = XCConfigurationList;
			buildConfigurations = (
				C87EC97B1A692B3300653082 /* Debug */,
				C87EC97C1A692B3300653082 /* Release */,
			);
			defaultConfigurationIsVisible = 0;
			defaultConfigurationName = Release;
		};
		C87EC97D1A692B3300653082 /* Build configuration list for PBXNativeTarget "Controlling The Keyboard" */ = {
			isa = XCConfigurationList;
			buildConfigurations = (
				C87EC97E1A692B3300653082 /* Debug */,
				C87EC97F1A692B3300653082 /* Release */,
			);
			defaultConfigurationIsVisible = 0;
			defaultConfigurationName = Release;
		};
		C87EC9801A692B3300653082 /* Build configuration list for PBXNativeTarget "Controlling The KeyboardTests" */ = {
			isa = XCConfigurationList;
			buildConfigurations = (
				C87EC9811A692B3300653082 /* Debug */,
				C87EC9821A692B3300653082 /* Release */,
			);
			defaultConfigurationIsVisible = 0;
			defaultConfigurationName = Release;
		};
/* End XCConfigurationList section */
	};
	rootObject = C87EC9561A692B3100653082 /* Project object */;
}
