// !$*UTF8*$!
{
	archiveVersion = 1;
	classes = {
	};
	objectVersion = 46;
	objects = {

/* Begin PBXBuildFile section */
		3507DF351D688DF800F88B65 /* AppDelegate.swift in Sources */ = {isa = PBXBuildFile; fileRef = 3507DF341D688DF800F88B65 /* AppDelegate.swift */; };
		3507DF371D688DF800F88B65 /* ViewController.swift in Sources */ = {isa = PBXBuildFile; fileRef = 3507DF361D688DF800F88B65 /* ViewController.swift */; };
		3507DF3A1D688DF800F88B65 /* Main.storyboard in Resources */ = {isa = PBXBuildFile; fileRef = 3507DF381D688DF800F88B65 /* Main.storyboard */; };
		3507DF3C1D688DF800F88B65 /* Assets.xcassets in Resources */ = {isa = PBXBuildFile; fileRef = 3507DF3B1D688DF800F88B65 /* Assets.xcassets */; };
		3507DF3F1D688DF800F88B65 /* LaunchScreen.storyboard in Resources */ = {isa = PBXBuildFile; fileRef = 3507DF3D1D688DF800F88B65 /* LaunchScreen.storyboard */; };
/* End PBXBuildFile section */

/* Begin PBXFileReference section */
		3507DF311D688DF800F88B65 /* Segues-Test.app */ = {isa = PBXFileReference; explicitFileType = wrapper.application; includeInIndex = 0; path = "Segues-Test.app"; sourceTree = BUILT_PRODUCTS_DIR; };
		3507DF341D688DF800F88B65 /* AppDelegate.swift */ = {isa = PBXFileReference; lastKnownFileType = sourcecode.swift; path = AppDelegate.swift; sourceTree = "<group>"; };
		3507DF361D688DF800F88B65 /* ViewController.swift */ = {isa = PBXFileReference; lastKnownFileType = sourcecode.swift; path = ViewController.swift; sourceTree = "<group>"; };
		3507DF391D688DF800F88B65 /* Base */ = {isa = PBXFileReference; lastKnownFileType = file.storyboard; name = Base; path = Base.lproj/Main.storyboard; sourceTree = "<group>"; };
		3507DF3B1D688DF800F88B65 /* Assets.xcassets */ = {isa = PBXFileReference; lastKnownFileType = folder.assetcatalog; path = Assets.xcassets; sourceTree = "<group>"; };
		3507DF3E1D688DF800F88B65 /* Base */ = {isa = PBXFileReference; lastKnownFileType = file.storyboard; name = Base; path = Base.lproj/LaunchScreen.storyboard; sourceTree = "<group>"; };
		3507DF401D688DF800F88B65 /* Info.plist */ = {isa = PBXFileReference; lastKnownFileType = text.plist.xml; path = Info.plist; sourceTree = "<group>"; };
/* End PBXFileReference section */

/* Begin PBXFrameworksBuildPhase section */
		3507DF2E1D688DF800F88B65 /* Frameworks */ = {
			isa = PBXFrameworksBuildPhase;
			buildActionMask = 2147483647;
			files = (
			);
			runOnlyForDeploymentPostprocessing = 0;
		};
/* End PBXFrameworksBuildPhase section */

/* Begin PBXGroup section */
		3507DF281D688DF800F88B65 = {
			isa = PBXGroup;
			children = (
				3507DF331D688DF800F88B65 /* Segues-Test */,
				3507DF321D688DF800F88B65 /* Products */,
			);
			sourceTree = "<group>";
		};
		3507DF321D688DF800F88B65 /* Products */ = {
			isa = PBXGroup;
			children = (
				3507DF311D688DF800F88B65 /* Segues-Test.app */,
			);
			name = Products;
			sourceTree = "<group>";
		};
		3507DF331D688DF800F88B65 /* Segues-Test */ = {
			isa = PBXGroup;
			children = (
				3507DF341D688DF800F88B65 /* AppDelegate.swift */,
				3507DF361D688DF800F88B65 /* ViewController.swift */,
				3507DF381D688DF800F88B65 /* Main.storyboard */,
				3507DF3B1D688DF800F88B65 /* Assets.xcassets */,
				3507DF3D1D688DF800F88B65 /* LaunchScreen.storyboard */,
				3507DF401D688DF800F88B65 /* Info.plist */,
			);
			path = "Segues-Test";
			sourceTree = "<group>";
		};
/* End PBXGroup section */

/* Begin PBXNativeTarget section */
		3507DF301D688DF800F88B65 /* Segues-Test */ = {
			isa = PBXNativeTarget;
			buildConfigurationList = 3507DF431D688DF800F88B65 /* Build configuration list for PBXNativeTarget "Segues-Test" */;
			buildPhases = (
				3507DF2D1D688DF800F88B65 /* Sources */,
				3507DF2E1D688DF800F88B65 /* Frameworks */,
				3507DF2F1D688DF800F88B65 /* Resources */,
			);
			buildRules = (
			);
			dependencies = (
			);
			name = "Segues-Test";
			productName = "Segues-Test";
			productReference = 3507DF311D688DF800F88B65 /* Segues-Test.app */;
			productType = "com.apple.product-type.application";
		};
/* End PBXNativeTarget section */

/* Begin PBXProject section */
		3507DF291D688DF800F88B65 /* Project object */ = {
			isa = PBXProject;
			attributes = {
				LastSwiftUpdateCheck = 0730;
				LastUpgradeCheck = 0730;
				ORGANIZATIONNAME = "Maarten Broekman";
				TargetAttributes = {
					3507DF301D688DF800F88B65 = {
						CreatedOnToolsVersion = 7.3.1;
						DevelopmentTeam = 6DSD5M2K2F;
					};
				};
			};
			buildConfigurationList = 3507DF2C1D688DF800F88B65 /* Build configuration list for PBXProject "Segues-Test" */;
			compatibilityVersion = "Xcode 3.2";
			developmentRegion = English;
			hasScannedForEncodings = 0;
			knownRegions = (
				en,
				Base,
			);
			mainGroup = 3507DF281D688DF800F88B65;
			productRefGroup = 3507DF321D688DF800F88B65 /* Products */;
			projectDirPath = "";
			projectRoot = "";
			targets = (
				3507DF301D688DF800F88B65 /* Segues-Test */,
			);
		};
/* End PBXProject section */

/* Begin PBXResourcesBuildPhase section */
		3507DF2F1D688DF800F88B65 /* Resources */ = {
			isa = PBXResourcesBuildPhase;
			buildActionMask = 2147483647;
			files = (
				3507DF3F1D688DF800F88B65 /* LaunchScreen.storyboard in Resources */,
				3507DF3C1D688DF800F88B65 /* Assets.xcassets in Resources */,
				3507DF3A1D688DF800F88B65 /* Main.storyboard in Resources */,
			);
			runOnlyForDeploymentPostprocessing = 0;
		};
/* End PBXResourcesBuildPhase section */

/* Begin PBXSourcesBuildPhase section */
		3507DF2D1D688DF800F88B65 /* Sources */ = {
			isa = PBXSourcesBuildPhase;
			buildActionMask = 2147483647;
			files = (
				3507DF371D688DF800F88B65 /* ViewController.swift in Sources */,
				3507DF351D688DF800F88B65 /* AppDelegate.swift in Sources */,
			);
			runOnlyForDeploymentPostprocessing = 0;
		};
/* End PBXSourcesBuildPhase section */

/* Begin PBXVariantGroup section */
		3507DF381D688DF800F88B65 /* Main.storyboard */ = {
			isa = PBXVariantGroup;
			children = (
				3507DF391D688DF800F88B65 /* Base */,
			);
			name = Main.storyboard;
			sourceTree = "<group>";
		};
		3507DF3D1D688DF800F88B65 /* LaunchScreen.storyboard */ = {
			isa = PBXVariantGroup;
			children = (
				3507DF3E1D688DF800F88B65 /* Base */,
			);
			name = LaunchScreen.storyboard;
			sourceTree = "<group>";
		};
/* End PBXVariantGroup section */

/* Begin XCBuildConfiguration section */
		3507DF411D688DF800F88B65 /* Debug */ = {
			isa = XCBuildConfiguration;
			buildSettings = {
				ALWAYS_SEARCH_USER_PATHS = NO;
				CLANG_ANALYZER_NONNULL = YES;
				CLANG_CXX_LANGUAGE_STANDARD = "gnu++0x";
				CLANG_CXX_LIBRARY = "libc++";
				CLANG_ENABLE_MODULES = YES;
				CLANG_ENABLE_OBJC_ARC = YES;
				CLANG_WARN_BOOL_CONVERSION = YES;
				CLANG_WARN_CONSTANT_CONVERSION = YES;
				CLANG_WARN_DIRECT_OBJC_ISA_USAGE = YES_ERROR;
				CLANG_WARN_EMPTY_BODY = YES;
				CLANG_WARN_ENUM_CONVERSION = YES;
				CLANG_WARN_INT_CONVERSION = YES;
				CLANG_WARN_OBJC_ROOT_CLASS = YES_ERROR;
				CLANG_WARN_UNREACHABLE_CODE = YES;
				CLANG_WARN__DUPLICATE_METHOD_MATCH = YES;
				"CODE_SIGN_IDENTITY[sdk=iphoneos*]" = "iPhone Developer";
				COPY_PHASE_STRIP = NO;
				DEBUG_INFORMATION_FORMAT = dwarf;
				ENABLE_STRICT_OBJC_MSGSEND = YES;
				ENABLE_TESTABILITY = YES;
				GCC_C_LANGUAGE_STANDARD = gnu99;
				GCC_DYNAMIC_NO_PIC = NO;
				GCC_NO_COMMON_BLOCKS = YES;
				GCC_OPTIMIZATION_LEVEL = 0;
				GCC_PREPROCESSOR_DEFINITIONS = (
					"DEBUG=1",
					"$(inherited)",
				);
				GCC_WARN_64_TO_32_BIT_CONVERSION = YES;
				GCC_WARN_ABOUT_RETURN_TYPE = YES_ERROR;
				GCC_WARN_UNDECLARED_SELECTOR = YES;
				GCC_WARN_UNINITIALIZED_AUTOS = YES_AGGRESSIVE;
				GCC_WARN_UNUSED_FUNCTION = YES;
				GCC_WARN_UNUSED_VARIABLE = YES;
				IPHONEOS_DEPLOYMENT_TARGET = 9.3;
				MTL_ENABLE_DEBUG_INFO = YES;
				ONLY_ACTIVE_ARCH = YES;
				SDKROOT = iphoneos;
				SWIFT_OPTIMIZATION_LEVEL = "-Onone";
			};
			name = Debug;
		};
		3507DF421D688DF800F88B65 /* Release */ = {
			isa = XCBuildConfiguration;
			buildSettings = {
				ALWAYS_SEARCH_USER_PATHS = NO;
				CLANG_ANALYZER_NONNULL = YES;
				CLANG_CXX_LANGUAGE_STANDARD = "gnu++0x";
				CLANG_CXX_LIBRARY = "libc++";
				CLANG_ENABLE_MODULES = YES;
				CLANG_ENABLE_OBJC_ARC = YES;
				CLANG_WARN_BOOL_CONVERSION = YES;
				CLANG_WARN_CONSTANT_CONVERSION = YES;
				CLANG_WARN_DIRECT_OBJC_ISA_USAGE = YES_ERROR;
				CLANG_WARN_EMPTY_BODY = YES;
				CLANG_WARN_ENUM_CONVERSION = YES;
				CLANG_WARN_INT_CONVERSION = YES;
				CLANG_WARN_OBJC_ROOT_CLASS = YES_ERROR;
				CLANG_WARN_UNREACHABLE_CODE = YES;
				CLANG_WARN__DUPLICATE_METHOD_MATCH = YES;
				"CODE_SIGN_IDENTITY[sdk=iphoneos*]" = "iPhone Developer";
				COPY_PHASE_STRIP = NO;
				DEBUG_INFORMATION_FORMAT = "dwarf-with-dsym";
				ENABLE_NS_ASSERTIONS = NO;
				ENABLE_STRICT_OBJC_MSGSEND = YES;
				GCC_C_LANGUAGE_STANDARD = gnu99;
				GCC_NO_COMMON_BLOCKS = YES;
				GCC_WARN_64_TO_32_BIT_CONVERSION = YES;
				GCC_WARN_ABOUT_RETURN_TYPE = YES_ERROR;
				GCC_WARN_UNDECLARED_SELECTOR = YES;
				GCC_WARN_UNINITIALIZED_AUTOS = YES_AGGRESSIVE;
				GCC_WARN_UNUSED_FUNCTION = YES;
				GCC_WARN_UNUSED_VARIABLE = YES;
				IPHONEOS_DEPLOYMENT_TARGET = 9.3;
				MTL_ENABLE_DEBUG_INFO = NO;
				SDKROOT = iphoneos;
				VALIDATE_PRODUCT = YES;
			};
			name = Release;
		};
		3507DF441D688DF800F88B65 /* Debug */ = {
			isa = XCBuildConfiguration;
			buildSettings = {
				ASSETCATALOG_COMPILER_APPICON_NAME = AppIcon;
				INFOPLIST_FILE = "Segues-Test/Info.plist";
				LD_RUNPATH_SEARCH_PATHS = "$(inherited) @executable_path/Frameworks";
				PRODUCT_BUNDLE_IDENTIFIER = "com.mjbroekman.Segues-Test";
				PRODUCT_NAME = "$(TARGET_NAME)";
			};
			name = Debug;
		};
		3507DF451D688DF800F88B65 /* Release */ = {
			isa = XCBuildConfiguration;
			buildSettings = {
				ASSETCATALOG_COMPILER_APPICON_NAME = AppIcon;
				INFOPLIST_FILE = "Segues-Test/Info.plist";
				LD_RUNPATH_SEARCH_PATHS = "$(inherited) @executable_path/Frameworks";
				PRODUCT_BUNDLE_IDENTIFIER = "com.mjbroekman.Segues-Test";
				PRODUCT_NAME = "$(TARGET_NAME)";
			};
			name = Release;
		};
/* End XCBuildConfiguration section */

/* Begin XCConfigurationList section */
		3507DF2C1D688DF800F88B65 /* Build configuration list for PBXProject "Segues-Test" */ = {
			isa = XCConfigurationList;
			buildConfigurations = (
				3507DF411D688DF800F88B65 /* Debug */,
				3507DF421D688DF800F88B65 /* Release */,
			);
			defaultConfigurationIsVisible = 0;
			defaultConfigurationName = Release;
		};
		3507DF431D688DF800F88B65 /* Build configuration list for PBXNativeTarget "Segues-Test" */ = {
			isa = XCConfigurationList;
			buildConfigurations = (
				3507DF441D688DF800F88B65 /* Debug */,
				3507DF451D688DF800F88B65 /* Release */,
			);
			defaultConfigurationIsVisible = 0;
		};
/* End XCConfigurationList section */
	};
	rootObject = 3507DF291D688DF800F88B65 /* Project object */;
}
